// !$*UTF8*$!
{
	archiveVersion = 1;
	classes = {
	};
	objectVersion = 56;
	objects = {

/* Begin PBXBuildFile section */
		0357692A2C3A18D900A00DAA /* main.mp3 in Resources */ = {isa = PBXBuildFile; fileRef = 039D99452C3A12AF00690CAD /* main.mp3 */; };
		035769342C3A2B6300A00DAA /* AudioWidget.swift in Sources */ = {isa = PBXBuildFile; fileRef = 035769312C3A1BD600A00DAA /* AudioWidget.swift */; };
		035769352C3A2B6300A00DAA /* AudioWidget.swift in Sources */ = {isa = PBXBuildFile; fileRef = 035769312C3A1BD600A00DAA /* AudioWidget.swift */; };
		035769382C3A2C0000A00DAA /* song.mp3 in Resources */ = {isa = PBXBuildFile; fileRef = 035769372C3A2C0000A00DAA /* song.mp3 */; };
		035769392C3A2C0000A00DAA /* song.mp3 in Resources */ = {isa = PBXBuildFile; fileRef = 035769372C3A2C0000A00DAA /* song.mp3 */; };
		039D99462C3A12AF00690CAD /* main.mp3 in Resources */ = {isa = PBXBuildFile; fileRef = 039D99452C3A12AF00690CAD /* main.mp3 */; };
		03C8674D2C399B49001FEDCB /* CountWidget.swift in Sources */ = {isa = PBXBuildFile; fileRef = 03C8674C2C399B49001FEDCB /* CountWidget.swift */; };
		03E6E7D02C4744FF004AD1F9 /* screenshot3.png in Resources */ = {isa = PBXBuildFile; fileRef = 03E6E7CB2C4744FF004AD1F9 /* screenshot3.png */; };
		03E6E7D12C4744FF004AD1F9 /* LICENSE.txt in Resources */ = {isa = PBXBuildFile; fileRef = 03E6E7CC2C4744FF004AD1F9 /* LICENSE.txt */; };
		03E6E7D22C4744FF004AD1F9 /* README.md in Resources */ = {isa = PBXBuildFile; fileRef = 03E6E7CD2C4744FF004AD1F9 /* README.md */; };
		03E6E7D32C4744FF004AD1F9 /* screenshot1.png in Resources */ = {isa = PBXBuildFile; fileRef = 03E6E7CE2C4744FF004AD1F9 /* screenshot1.png */; };
		03E6E7D42C4744FF004AD1F9 /* screenshot2.png in Resources */ = {isa = PBXBuildFile; fileRef = 03E6E7CF2C4744FF004AD1F9 /* screenshot2.png */; };
		03F3182D2C29F89A0062A966 /* CustomWidgetsApp.swift in Sources */ = {isa = PBXBuildFile; fileRef = 03F3182C2C29F89A0062A966 /* CustomWidgetsApp.swift */; };
		03F3182F2C29F89A0062A966 /* ContentView.swift in Sources */ = {isa = PBXBuildFile; fileRef = 03F3182E2C29F89A0062A966 /* ContentView.swift */; };
		03F318312C29F89C0062A966 /* Assets.xcassets in Resources */ = {isa = PBXBuildFile; fileRef = 03F318302C29F89C0062A966 /* Assets.xcassets */; };
		03F318342C29F89C0062A966 /* Preview Assets.xcassets in Resources */ = {isa = PBXBuildFile; fileRef = 03F318332C29F89C0062A966 /* Preview Assets.xcassets */; };
		03F3188A2C2A09D50062A966 /* LaunchScreen.storyboard in Resources */ = {isa = PBXBuildFile; fileRef = 03F318882C2A09D50062A966 /* LaunchScreen.storyboard */; };
		03F318922C2A0A940062A966 /* WidgetKit.framework in Frameworks */ = {isa = PBXBuildFile; fileRef = 03F318912C2A0A940062A966 /* WidgetKit.framework */; };
		03F318942C2A0A940062A966 /* SwiftUI.framework in Frameworks */ = {isa = PBXBuildFile; fileRef = 03F318932C2A0A940062A966 /* SwiftUI.framework */; };
		03F318972C2A0A940062A966 /* WidgetsBundle.swift in Sources */ = {isa = PBXBuildFile; fileRef = 03F318962C2A0A940062A966 /* WidgetsBundle.swift */; };
		03F318992C2A0A940062A966 /* InputWidget.swift in Sources */ = {isa = PBXBuildFile; fileRef = 03F318982C2A0A940062A966 /* InputWidget.swift */; };
		03F3189B2C2A0A940062A966 /* AppIntent.swift in Sources */ = {isa = PBXBuildFile; fileRef = 03F3189A2C2A0A940062A966 /* AppIntent.swift */; };
		03F3189D2C2A0A950062A966 /* Assets.xcassets in Resources */ = {isa = PBXBuildFile; fileRef = 03F3189C2C2A0A950062A966 /* Assets.xcassets */; };
		03F318A12C2A0A950062A966 /* WidgetsExtension.appex in Embed Foundation Extensions */ = {isa = PBXBuildFile; fileRef = 03F3188F2C2A0A940062A966 /* WidgetsExtension.appex */; settings = {ATTRIBUTES = (RemoveHeadersOnCopy, ); }; };
		03F318AE2C2A3ACE0062A966 /* ClockWidget.swift in Sources */ = {isa = PBXBuildFile; fileRef = 03F318AD2C2A3ACE0062A966 /* ClockWidget.swift */; };
		03F318AF2C2A3ACE0062A966 /* ClockWidget.swift in Sources */ = {isa = PBXBuildFile; fileRef = 03F318AD2C2A3ACE0062A966 /* ClockWidget.swift */; };
		03F318B12C2A3AE50062A966 /* TimerWidget.swift in Sources */ = {isa = PBXBuildFile; fileRef = 03F318B02C2A3AE50062A966 /* TimerWidget.swift */; };
		03F318B22C2A3AE50062A966 /* TimerWidget.swift in Sources */ = {isa = PBXBuildFile; fileRef = 03F318B02C2A3AE50062A966 /* TimerWidget.swift */; };
		03F318B42C2A490C0062A966 /* ImageWidget.swift in Sources */ = {isa = PBXBuildFile; fileRef = 03F318B32C2A490C0062A966 /* ImageWidget.swift */; };
		03F318B52C2A490C0062A966 /* ImageWidget.swift in Sources */ = {isa = PBXBuildFile; fileRef = 03F318B32C2A490C0062A966 /* ImageWidget.swift */; };
		03F318B72C2A491D0062A966 /* MonthWidget.swift in Sources */ = {isa = PBXBuildFile; fileRef = 03F318B62C2A491D0062A966 /* MonthWidget.swift */; };
		03F318B82C2A491D0062A966 /* MonthWidget.swift in Sources */ = {isa = PBXBuildFile; fileRef = 03F318B62C2A491D0062A966 /* MonthWidget.swift */; };
		03F318C52C2A73240062A966 /* WeatherWidget.swift in Sources */ = {isa = PBXBuildFile; fileRef = 03F318C42C2A73240062A966 /* WeatherWidget.swift */; };
		03F318C62C2A73240062A966 /* WeatherWidget.swift in Sources */ = {isa = PBXBuildFile; fileRef = 03F318C42C2A73240062A966 /* WeatherWidget.swift */; };
/* End PBXBuildFile section */

/* Begin PBXContainerItemProxy section */
		03F3189F2C2A0A950062A966 /* PBXContainerItemProxy */ = {
			isa = PBXContainerItemProxy;
			containerPortal = 03F318212C29F89A0062A966 /* Project object */;
			proxyType = 1;
			remoteGlobalIDString = 03F3188E2C2A0A940062A966;
			remoteInfo = WidgetsExtension;
		};
/* End PBXContainerItemProxy section */

/* Begin PBXCopyFilesBuildPhase section */
		03F318A52C2A0A950062A966 /* Embed Foundation Extensions */ = {
			isa = PBXCopyFilesBuildPhase;
			buildActionMask = 2147483647;
			dstPath = "";
			dstSubfolderSpec = 13;
			files = (
				03F318A12C2A0A950062A966 /* WidgetsExtension.appex in Embed Foundation Extensions */,
			);
			name = "Embed Foundation Extensions";
			runOnlyForDeploymentPostprocessing = 0;
		};
/* End PBXCopyFilesBuildPhase section */

/* Begin PBXFileReference section */
		035769312C3A1BD600A00DAA /* AudioWidget.swift */ = {isa = PBXFileReference; lastKnownFileType = sourcecode.swift; path = AudioWidget.swift; sourceTree = "<group>"; };
		035769372C3A2C0000A00DAA /* song.mp3 */ = {isa = PBXFileReference; lastKnownFileType = audio.mp3; path = song.mp3; sourceTree = "<group>"; };
		039D99452C3A12AF00690CAD /* main.mp3 */ = {isa = PBXFileReference; lastKnownFileType = audio.mp3; path = main.mp3; sourceTree = "<group>"; };
		039D99492C3A13A800690CAD /* Info.plist */ = {isa = PBXFileReference; lastKnownFileType = text.plist; path = Info.plist; sourceTree = "<group>"; };
		03C8674C2C399B49001FEDCB /* CountWidget.swift */ = {isa = PBXFileReference; lastKnownFileType = sourcecode.swift; path = CountWidget.swift; sourceTree = "<group>"; };
		03E6E7CB2C4744FF004AD1F9 /* screenshot3.png */ = {isa = PBXFileReference; lastKnownFileType = image.png; path = screenshot3.png; sourceTree = "<group>"; };
		03E6E7CC2C4744FF004AD1F9 /* LICENSE.txt */ = {isa = PBXFileReference; fileEncoding = 4; lastKnownFileType = text; path = LICENSE.txt; sourceTree = "<group>"; };
		03E6E7CD2C4744FF004AD1F9 /* README.md */ = {isa = PBXFileReference; fileEncoding = 4; lastKnownFileType = net.daringfireball.markdown; path = README.md; sourceTree = "<group>"; };
		03E6E7CE2C4744FF004AD1F9 /* screenshot1.png */ = {isa = PBXFileReference; lastKnownFileType = image.png; path = screenshot1.png; sourceTree = "<group>"; };
		03E6E7CF2C4744FF004AD1F9 /* screenshot2.png */ = {isa = PBXFileReference; lastKnownFileType = image.png; path = screenshot2.png; sourceTree = "<group>"; };
		03F318292C29F89A0062A966 /* Custom Widgets.app */ = {isa = PBXFileReference; explicitFileType = wrapper.application; includeInIndex = 0; path = "Custom Widgets.app"; sourceTree = BUILT_PRODUCTS_DIR; };
		03F3182C2C29F89A0062A966 /* CustomWidgetsApp.swift */ = {isa = PBXFileReference; lastKnownFileType = sourcecode.swift; path = CustomWidgetsApp.swift; sourceTree = "<group>"; };
		03F3182E2C29F89A0062A966 /* ContentView.swift */ = {isa = PBXFileReference; lastKnownFileType = sourcecode.swift; path = ContentView.swift; sourceTree = "<group>"; };
		03F318302C29F89C0062A966 /* Assets.xcassets */ = {isa = PBXFileReference; lastKnownFileType = folder.assetcatalog; path = Assets.xcassets; sourceTree = "<group>"; };
		03F318332C29F89C0062A966 /* Preview Assets.xcassets */ = {isa = PBXFileReference; lastKnownFileType = folder.assetcatalog; path = "Preview Assets.xcassets"; sourceTree = "<group>"; };
		03F318892C2A09D50062A966 /* Base */ = {isa = PBXFileReference; lastKnownFileType = file.storyboard; name = Base; path = Base.lproj/LaunchScreen.storyboard; sourceTree = "<group>"; };
		03F3188F2C2A0A940062A966 /* WidgetsExtension.appex */ = {isa = PBXFileReference; explicitFileType = "wrapper.app-extension"; includeInIndex = 0; path = WidgetsExtension.appex; sourceTree = BUILT_PRODUCTS_DIR; };
		03F318912C2A0A940062A966 /* WidgetKit.framework */ = {isa = PBXFileReference; lastKnownFileType = wrapper.framework; name = WidgetKit.framework; path = System/Library/Frameworks/WidgetKit.framework; sourceTree = SDKROOT; };
		03F318932C2A0A940062A966 /* SwiftUI.framework */ = {isa = PBXFileReference; lastKnownFileType = wrapper.framework; name = SwiftUI.framework; path = System/Library/Frameworks/SwiftUI.framework; sourceTree = SDKROOT; };
		03F318962C2A0A940062A966 /* WidgetsBundle.swift */ = {isa = PBXFileReference; lastKnownFileType = sourcecode.swift; path = WidgetsBundle.swift; sourceTree = "<group>"; };
		03F318982C2A0A940062A966 /* InputWidget.swift */ = {isa = PBXFileReference; lastKnownFileType = sourcecode.swift; path = InputWidget.swift; sourceTree = "<group>"; };
		03F3189A2C2A0A940062A966 /* AppIntent.swift */ = {isa = PBXFileReference; lastKnownFileType = sourcecode.swift; path = AppIntent.swift; sourceTree = "<group>"; };
		03F3189C2C2A0A950062A966 /* Assets.xcassets */ = {isa = PBXFileReference; lastKnownFileType = folder.assetcatalog; path = Assets.xcassets; sourceTree = "<group>"; };
		03F3189E2C2A0A950062A966 /* Info.plist */ = {isa = PBXFileReference; lastKnownFileType = text.plist.xml; path = Info.plist; sourceTree = "<group>"; };
		03F318AD2C2A3ACE0062A966 /* ClockWidget.swift */ = {isa = PBXFileReference; lastKnownFileType = sourcecode.swift; path = ClockWidget.swift; sourceTree = "<group>"; };
		03F318B02C2A3AE50062A966 /* TimerWidget.swift */ = {isa = PBXFileReference; lastKnownFileType = sourcecode.swift; path = TimerWidget.swift; sourceTree = "<group>"; };
		03F318B32C2A490C0062A966 /* ImageWidget.swift */ = {isa = PBXFileReference; lastKnownFileType = sourcecode.swift; path = ImageWidget.swift; sourceTree = "<group>"; };
		03F318B62C2A491D0062A966 /* MonthWidget.swift */ = {isa = PBXFileReference; lastKnownFileType = sourcecode.swift; path = MonthWidget.swift; sourceTree = "<group>"; };
		03F318C42C2A73240062A966 /* WeatherWidget.swift */ = {isa = PBXFileReference; lastKnownFileType = sourcecode.swift; path = WeatherWidget.swift; sourceTree = "<group>"; };
/* End PBXFileReference section */

/* Begin PBXFrameworksBuildPhase section */
		03F318262C29F89A0062A966 /* Frameworks */ = {
			isa = PBXFrameworksBuildPhase;
			buildActionMask = 2147483647;
			files = (
			);
			runOnlyForDeploymentPostprocessing = 0;
		};
		03F3188C2C2A0A940062A966 /* Frameworks */ = {
			isa = PBXFrameworksBuildPhase;
			buildActionMask = 2147483647;
			files = (
				03F318942C2A0A940062A966 /* SwiftUI.framework in Frameworks */,
				03F318922C2A0A940062A966 /* WidgetKit.framework in Frameworks */,
			);
			runOnlyForDeploymentPostprocessing = 0;
		};
/* End PBXFrameworksBuildPhase section */

/* Begin PBXGroup section */
		035769362C3A2BB500A00DAA /* Resources */ = {
			isa = PBXGroup;
			children = (
				039D99452C3A12AF00690CAD /* main.mp3 */,
				035769372C3A2C0000A00DAA /* song.mp3 */,
			);
			path = Resources;
			sourceTree = "<group>";
		};
		03F318202C29F89A0062A966 = {
			isa = PBXGroup;
			children = (
				03E6E7CC2C4744FF004AD1F9 /* LICENSE.txt */,
				03E6E7CD2C4744FF004AD1F9 /* README.md */,
				03E6E7CE2C4744FF004AD1F9 /* screenshot1.png */,
				03E6E7CF2C4744FF004AD1F9 /* screenshot2.png */,
				03E6E7CB2C4744FF004AD1F9 /* screenshot3.png */,
				03F3182B2C29F89A0062A966 /* CustomWidgets */,
				03F318952C2A0A940062A966 /* Widgets */,
				03F318902C2A0A940062A966 /* Frameworks */,
				03F3182A2C29F89A0062A966 /* Products */,
			);
			sourceTree = "<group>";
		};
		03F3182A2C29F89A0062A966 /* Products */ = {
			isa = PBXGroup;
			children = (
				03F318292C29F89A0062A966 /* Custom Widgets.app */,
				03F3188F2C2A0A940062A966 /* WidgetsExtension.appex */,
			);
			name = Products;
			sourceTree = "<group>";
		};
		03F3182B2C29F89A0062A966 /* CustomWidgets */ = {
			isa = PBXGroup;
			children = (
				039D99492C3A13A800690CAD /* Info.plist */,
				03F3182C2C29F89A0062A966 /* CustomWidgetsApp.swift */,
				03F3182E2C29F89A0062A966 /* ContentView.swift */,
				03F318882C2A09D50062A966 /* LaunchScreen.storyboard */,
				03F318302C29F89C0062A966 /* Assets.xcassets */,
				03F318322C29F89C0062A966 /* Preview Content */,
			);
			path = CustomWidgets;
			sourceTree = "<group>";
		};
		03F318322C29F89C0062A966 /* Preview Content */ = {
			isa = PBXGroup;
			children = (
				03F318332C29F89C0062A966 /* Preview Assets.xcassets */,
			);
			path = "Preview Content";
			sourceTree = "<group>";
		};
		03F318902C2A0A940062A966 /* Frameworks */ = {
			isa = PBXGroup;
			children = (
				03F318912C2A0A940062A966 /* WidgetKit.framework */,
				03F318932C2A0A940062A966 /* SwiftUI.framework */,
			);
			name = Frameworks;
			sourceTree = "<group>";
		};
		03F318952C2A0A940062A966 /* Widgets */ = {
			isa = PBXGroup;
			children = (
				03F318962C2A0A940062A966 /* WidgetsBundle.swift */,
				03F3189A2C2A0A940062A966 /* AppIntent.swift */,
				03F318B92C2A4A210062A966 /* Home Screen */,
				03F318BA2C2A4A2B0062A966 /* Lock Screen */,
				035769362C3A2BB500A00DAA /* Resources */,
				03F3189C2C2A0A950062A966 /* Assets.xcassets */,
				03F3189E2C2A0A950062A966 /* Info.plist */,
			);
			path = Widgets;
			sourceTree = "<group>";
		};
		03F318B92C2A4A210062A966 /* Home Screen */ = {
			isa = PBXGroup;
			children = (
				035769312C3A1BD600A00DAA /* AudioWidget.swift */,
				03C8674C2C399B49001FEDCB /* CountWidget.swift */,
				03F318AD2C2A3ACE0062A966 /* ClockWidget.swift */,
				03F318B02C2A3AE50062A966 /* TimerWidget.swift */,
				03F318B62C2A491D0062A966 /* MonthWidget.swift */,
				03F318982C2A0A940062A966 /* InputWidget.swift */,
				03F318B32C2A490C0062A966 /* ImageWidget.swift */,
			);
			path = "Home Screen";
			sourceTree = "<group>";
		};
		03F318BA2C2A4A2B0062A966 /* Lock Screen */ = {
			isa = PBXGroup;
			children = (
				03F318C42C2A73240062A966 /* WeatherWidget.swift */,
			);
			path = "Lock Screen";
			sourceTree = "<group>";
		};
/* End PBXGroup section */

/* Begin PBXNativeTarget section */
		03F318282C29F89A0062A966 /* CustomWidgets */ = {
			isa = PBXNativeTarget;
			buildConfigurationList = 03F318372C29F89C0062A966 /* Build configuration list for PBXNativeTarget "CustomWidgets" */;
			buildPhases = (
				03F318252C29F89A0062A966 /* Sources */,
				03F318262C29F89A0062A966 /* Frameworks */,
				03F318272C29F89A0062A966 /* Resources */,
				03F318A52C2A0A950062A966 /* Embed Foundation Extensions */,
			);
			buildRules = (
			);
			dependencies = (
				03F318A02C2A0A950062A966 /* PBXTargetDependency */,
			);
			name = CustomWidgets;
			productName = CustomWidgets;
			productReference = 03F318292C29F89A0062A966 /* Custom Widgets.app */;
			productType = "com.apple.product-type.application";
		};
		03F3188E2C2A0A940062A966 /* WidgetsExtension */ = {
			isa = PBXNativeTarget;
			buildConfigurationList = 03F318A22C2A0A950062A966 /* Build configuration list for PBXNativeTarget "WidgetsExtension" */;
			buildPhases = (
				03F3188B2C2A0A940062A966 /* Sources */,
				03F3188C2C2A0A940062A966 /* Frameworks */,
				03F3188D2C2A0A940062A966 /* Resources */,
			);
			buildRules = (
			);
			dependencies = (
			);
			name = WidgetsExtension;
			productName = WidgetsExtension;
			productReference = 03F3188F2C2A0A940062A966 /* WidgetsExtension.appex */;
			productType = "com.apple.product-type.app-extension";
		};
/* End PBXNativeTarget section */

/* Begin PBXProject section */
		03F318212C29F89A0062A966 /* Project object */ = {
			isa = PBXProject;
			attributes = {
				BuildIndependentTargetsInParallel = 1;
				LastSwiftUpdateCheck = 1540;
				LastUpgradeCheck = 1540;
				TargetAttributes = {
					03F318282C29F89A0062A966 = {
						CreatedOnToolsVersion = 15.4;
					};
					03F3188E2C2A0A940062A966 = {
						CreatedOnToolsVersion = 15.4;
					};
				};
			};
			buildConfigurationList = 03F318242C29F89A0062A966 /* Build configuration list for PBXProject "CustomWidgets" */;
			compatibilityVersion = "Xcode 14.0";
			developmentRegion = en;
			hasScannedForEncodings = 0;
			knownRegions = (
				en,
				Base,
			);
			mainGroup = 03F318202C29F89A0062A966;
			productRefGroup = 03F3182A2C29F89A0062A966 /* Products */;
			projectDirPath = "";
			projectRoot = "";
			targets = (
				03F318282C29F89A0062A966 /* CustomWidgets */,
				03F3188E2C2A0A940062A966 /* WidgetsExtension */,
			);
		};
/* End PBXProject section */

/* Begin PBXResourcesBuildPhase section */
		03F318272C29F89A0062A966 /* Resources */ = {
			isa = PBXResourcesBuildPhase;
			buildActionMask = 2147483647;
			files = (
				03F3188A2C2A09D50062A966 /* LaunchScreen.storyboard in Resources */,
				035769382C3A2C0000A00DAA /* song.mp3 in Resources */,
				03F318342C29F89C0062A966 /* Preview Assets.xcassets in Resources */,
				03E6E7D32C4744FF004AD1F9 /* screenshot1.png in Resources */,
				03E6E7D02C4744FF004AD1F9 /* screenshot3.png in Resources */,
				03F318312C29F89C0062A966 /* Assets.xcassets in Resources */,
				0357692A2C3A18D900A00DAA /* main.mp3 in Resources */,
				03E6E7D22C4744FF004AD1F9 /* README.md in Resources */,
				03E6E7D42C4744FF004AD1F9 /* screenshot2.png in Resources */,
				03E6E7D12C4744FF004AD1F9 /* LICENSE.txt in Resources */,
			);
			runOnlyForDeploymentPostprocessing = 0;
		};
		03F3188D2C2A0A940062A966 /* Resources */ = {
			isa = PBXResourcesBuildPhase;
			buildActionMask = 2147483647;
			files = (
				03F3189D2C2A0A950062A966 /* Assets.xcassets in Resources */,
				039D99462C3A12AF00690CAD /* main.mp3 in Resources */,
				035769392C3A2C0000A00DAA /* song.mp3 in Resources */,
			);
			runOnlyForDeploymentPostprocessing = 0;
		};
/* End PBXResourcesBuildPhase section */

/* Begin PBXSourcesBuildPhase section */
		03F318252C29F89A0062A966 /* Sources */ = {
			isa = PBXSourcesBuildPhase;
			buildActionMask = 2147483647;
			files = (
				03F3182F2C29F89A0062A966 /* ContentView.swift in Sources */,
				03F318AE2C2A3ACE0062A966 /* ClockWidget.swift in Sources */,
				035769342C3A2B6300A00DAA /* AudioWidget.swift in Sources */,
				03F318C52C2A73240062A966 /* WeatherWidget.swift in Sources */,
				03F318B72C2A491D0062A966 /* MonthWidget.swift in Sources */,
				03F318B42C2A490C0062A966 /* ImageWidget.swift in Sources */,
				03F3182D2C29F89A0062A966 /* CustomWidgetsApp.swift in Sources */,
				03F318B12C2A3AE50062A966 /* TimerWidget.swift in Sources */,
			);
			runOnlyForDeploymentPostprocessing = 0;
		};
		03F3188B2C2A0A940062A966 /* Sources */ = {
			isa = PBXSourcesBuildPhase;
			buildActionMask = 2147483647;
			files = (
				03F318AF2C2A3ACE0062A966 /* ClockWidget.swift in Sources */,
				03F318B52C2A490C0062A966 /* ImageWidget.swift in Sources */,
				03F318972C2A0A940062A966 /* WidgetsBundle.swift in Sources */,
				03C8674D2C399B49001FEDCB /* CountWidget.swift in Sources */,
				035769352C3A2B6300A00DAA /* AudioWidget.swift in Sources */,
				03F318B22C2A3AE50062A966 /* TimerWidget.swift in Sources */,
				03F318C62C2A73240062A966 /* WeatherWidget.swift in Sources */,
				03F318992C2A0A940062A966 /* InputWidget.swift in Sources */,
				03F318B82C2A491D0062A966 /* MonthWidget.swift in Sources */,
				03F3189B2C2A0A940062A966 /* AppIntent.swift in Sources */,
			);
			runOnlyForDeploymentPostprocessing = 0;
		};
/* End PBXSourcesBuildPhase section */

/* Begin PBXTargetDependency section */
		03F318A02C2A0A950062A966 /* PBXTargetDependency */ = {
			isa = PBXTargetDependency;
			target = 03F3188E2C2A0A940062A966 /* WidgetsExtension */;
			targetProxy = 03F3189F2C2A0A950062A966 /* PBXContainerItemProxy */;
		};
/* End PBXTargetDependency section */

/* Begin PBXVariantGroup section */
		03F318882C2A09D50062A966 /* LaunchScreen.storyboard */ = {
			isa = PBXVariantGroup;
			children = (
				03F318892C2A09D50062A966 /* Base */,
			);
			name = LaunchScreen.storyboard;
			sourceTree = "<group>";
		};
/* End PBXVariantGroup section */

/* Begin XCBuildConfiguration section */
		03F318352C29F89C0062A966 /* Debug */ = {
			isa = XCBuildConfiguration;
			buildSettings = {
				ALWAYS_SEARCH_USER_PATHS = NO;
				ASSETCATALOG_COMPILER_GENERATE_SWIFT_ASSET_SYMBOL_EXTENSIONS = YES;
				CLANG_ANALYZER_NONNULL = YES;
				CLANG_ANALYZER_NUMBER_OBJECT_CONVERSION = YES_AGGRESSIVE;
				CLANG_CXX_LANGUAGE_STANDARD = "gnu++20";
				CLANG_ENABLE_MODULES = YES;
				CLANG_ENABLE_OBJC_ARC = YES;
				CLANG_ENABLE_OBJC_WEAK = YES;
				CLANG_WARN_BLOCK_CAPTURE_AUTORELEASING = YES;
				CLANG_WARN_BOOL_CONVERSION = YES;
				CLANG_WARN_COMMA = YES;
				CLANG_WARN_CONSTANT_CONVERSION = YES;
				CLANG_WARN_DEPRECATED_OBJC_IMPLEMENTATIONS = YES;
				CLANG_WARN_DIRECT_OBJC_ISA_USAGE = YES_ERROR;
				CLANG_WARN_DOCUMENTATION_COMMENTS = YES;
				CLANG_WARN_EMPTY_BODY = YES;
				CLANG_WARN_ENUM_CONVERSION = YES;
				CLANG_WARN_INFINITE_RECURSION = YES;
				CLANG_WARN_INT_CONVERSION = YES;
				CLANG_WARN_NON_LITERAL_NULL_CONVERSION = YES;
				CLANG_WARN_OBJC_IMPLICIT_RETAIN_SELF = YES;
				CLANG_WARN_OBJC_LITERAL_CONVERSION = YES;
				CLANG_WARN_OBJC_ROOT_CLASS = YES_ERROR;
				CLANG_WARN_QUOTED_INCLUDE_IN_FRAMEWORK_HEADER = YES;
				CLANG_WARN_RANGE_LOOP_ANALYSIS = YES;
				CLANG_WARN_STRICT_PROTOTYPES = YES;
				CLANG_WARN_SUSPICIOUS_MOVE = YES;
				CLANG_WARN_UNGUARDED_AVAILABILITY = YES_AGGRESSIVE;
				CLANG_WARN_UNREACHABLE_CODE = YES;
				CLANG_WARN__DUPLICATE_METHOD_MATCH = YES;
				COPY_PHASE_STRIP = NO;
				DEBUG_INFORMATION_FORMAT = dwarf;
				ENABLE_STRICT_OBJC_MSGSEND = YES;
				ENABLE_TESTABILITY = YES;
				ENABLE_USER_SCRIPT_SANDBOXING = YES;
				GCC_C_LANGUAGE_STANDARD = gnu17;
				GCC_DYNAMIC_NO_PIC = NO;
				GCC_NO_COMMON_BLOCKS = YES;
				GCC_OPTIMIZATION_LEVEL = 0;
				GCC_PREPROCESSOR_DEFINITIONS = (
					"DEBUG=1",
					"$(inherited)",
				);
				GCC_WARN_64_TO_32_BIT_CONVERSION = YES;
				GCC_WARN_ABOUT_RETURN_TYPE = YES_ERROR;
				GCC_WARN_UNDECLARED_SELECTOR = YES;
				GCC_WARN_UNINITIALIZED_AUTOS = YES_AGGRESSIVE;
				GCC_WARN_UNUSED_FUNCTION = YES;
				GCC_WARN_UNUSED_VARIABLE = YES;
				IPHONEOS_DEPLOYMENT_TARGET = 17.0;
				LOCALIZATION_PREFERS_STRING_CATALOGS = YES;
				MTL_ENABLE_DEBUG_INFO = INCLUDE_SOURCE;
				MTL_FAST_MATH = YES;
				ONLY_ACTIVE_ARCH = YES;
				SDKROOT = iphoneos;
				SWIFT_ACTIVE_COMPILATION_CONDITIONS = "DEBUG $(inherited)";
				SWIFT_OPTIMIZATION_LEVEL = "-Onone";
			};
			name = Debug;
		};
		03F318362C29F89C0062A966 /* Release */ = {
			isa = XCBuildConfiguration;
			buildSettings = {
				ALWAYS_SEARCH_USER_PATHS = NO;
				ASSETCATALOG_COMPILER_GENERATE_SWIFT_ASSET_SYMBOL_EXTENSIONS = YES;
				CLANG_ANALYZER_NONNULL = YES;
				CLANG_ANALYZER_NUMBER_OBJECT_CONVERSION = YES_AGGRESSIVE;
				CLANG_CXX_LANGUAGE_STANDARD = "gnu++20";
				CLANG_ENABLE_MODULES = YES;
				CLANG_ENABLE_OBJC_ARC = YES;
				CLANG_ENABLE_OBJC_WEAK = YES;
				CLANG_WARN_BLOCK_CAPTURE_AUTORELEASING = YES;
				CLANG_WARN_BOOL_CONVERSION = YES;
				CLANG_WARN_COMMA = YES;
				CLANG_WARN_CONSTANT_CONVERSION = YES;
				CLANG_WARN_DEPRECATED_OBJC_IMPLEMENTATIONS = YES;
				CLANG_WARN_DIRECT_OBJC_ISA_USAGE = YES_ERROR;
				CLANG_WARN_DOCUMENTATION_COMMENTS = YES;
				CLANG_WARN_EMPTY_BODY = YES;
				CLANG_WARN_ENUM_CONVERSION = YES;
				CLANG_WARN_INFINITE_RECURSION = YES;
				CLANG_WARN_INT_CONVERSION = YES;
				CLANG_WARN_NON_LITERAL_NULL_CONVERSION = YES;
				CLANG_WARN_OBJC_IMPLICIT_RETAIN_SELF = YES;
				CLANG_WARN_OBJC_LITERAL_CONVERSION = YES;
				CLANG_WARN_OBJC_ROOT_CLASS = YES_ERROR;
				CLANG_WARN_QUOTED_INCLUDE_IN_FRAMEWORK_HEADER = YES;
				CLANG_WARN_RANGE_LOOP_ANALYSIS = YES;
				CLANG_WARN_STRICT_PROTOTYPES = YES;
				CLANG_WARN_SUSPICIOUS_MOVE = YES;
				CLANG_WARN_UNGUARDED_AVAILABILITY = YES_AGGRESSIVE;
				CLANG_WARN_UNREACHABLE_CODE = YES;
				CLANG_WARN__DUPLICATE_METHOD_MATCH = YES;
				COPY_PHASE_STRIP = NO;
				DEBUG_INFORMATION_FORMAT = "dwarf-with-dsym";
				ENABLE_NS_ASSERTIONS = NO;
				ENABLE_STRICT_OBJC_MSGSEND = YES;
				ENABLE_USER_SCRIPT_SANDBOXING = YES;
				GCC_C_LANGUAGE_STANDARD = gnu17;
				GCC_NO_COMMON_BLOCKS = YES;
				GCC_WARN_64_TO_32_BIT_CONVERSION = YES;
				GCC_WARN_ABOUT_RETURN_TYPE = YES_ERROR;
				GCC_WARN_UNDECLARED_SELECTOR = YES;
				GCC_WARN_UNINITIALIZED_AUTOS = YES_AGGRESSIVE;
				GCC_WARN_UNUSED_FUNCTION = YES;
				GCC_WARN_UNUSED_VARIABLE = YES;
				IPHONEOS_DEPLOYMENT_TARGET = 17.0;
				LOCALIZATION_PREFERS_STRING_CATALOGS = YES;
				MTL_ENABLE_DEBUG_INFO = NO;
				MTL_FAST_MATH = YES;
				SDKROOT = iphoneos;
				SWIFT_COMPILATION_MODE = wholemodule;
				VALIDATE_PRODUCT = YES;
			};
			name = Release;
		};
		03F318382C29F89C0062A966 /* Debug */ = {
			isa = XCBuildConfiguration;
			buildSettings = {
				ALWAYS_EMBED_SWIFT_STANDARD_LIBRARIES = YES;
				ASSETCATALOG_COMPILER_APPICON_NAME = AppIcon;
				ASSETCATALOG_COMPILER_GLOBAL_ACCENT_COLOR_NAME = AccentColor;
				CODE_SIGN_STYLE = Automatic;
				CURRENT_PROJECT_VERSION = 1;
				DEVELOPMENT_ASSET_PATHS = "\"CustomWidgets/Preview Content\"";
				DEVELOPMENT_TEAM = 44LNM8FN8U;
				ENABLE_PREVIEWS = YES;
				GENERATE_INFOPLIST_FILE = YES;
				INFOPLIST_FILE = CustomWidgets/Info.plist;
				INFOPLIST_KEY_CFBundleDisplayName = "Custom Widgets";
				INFOPLIST_KEY_LSApplicationCategoryType = "public.app-category.utilities";
				INFOPLIST_KEY_NSLocationAlwaysAndWhenInUseUsageDescription = "Your location will be used for the local weather forecast.";
				INFOPLIST_KEY_NSLocationAlwaysUsageDescription = "Your location will be used for the local weather forecast.";
				INFOPLIST_KEY_NSLocationUsageDescription = "Your location will be used for the local weather forecast.";
				INFOPLIST_KEY_NSLocationWhenInUseUsageDescription = "Your location will be used for the local weather forecast.";
				INFOPLIST_KEY_NSMicrophoneUsageDescription = Usage;
				INFOPLIST_KEY_UIApplicationSceneManifest_Generation = YES;
				INFOPLIST_KEY_UIApplicationSupportsIndirectInputEvents = YES;
				INFOPLIST_KEY_UILaunchScreen_Generation = YES;
				INFOPLIST_KEY_UILaunchStoryboardName = LaunchScreen.storyboard;
				INFOPLIST_KEY_UIRequiresFullScreen = YES;
				INFOPLIST_KEY_UIStatusBarHidden = YES;
				INFOPLIST_KEY_UISupportedInterfaceOrientations = UIInterfaceOrientationPortrait;
				INFOPLIST_KEY_UISupportedInterfaceOrientations_iPad = "UIInterfaceOrientationPortrait UIInterfaceOrientationPortraitUpsideDown";
				IPHONEOS_DEPLOYMENT_TARGET = 17.0;
				LD_RUNPATH_SEARCH_PATHS = (
					"$(inherited)",
					"@executable_path/Frameworks",
				);
				MARKETING_VERSION = 1.0;
				PRODUCT_BUNDLE_IDENTIFIER = ChristianLourido.CustomWidgets;
				PRODUCT_NAME = "Custom Widgets";
				SUPPORTED_PLATFORMS = "iphoneos iphonesimulator";
				SUPPORTS_MACCATALYST = NO;
				SUPPORTS_MAC_DESIGNED_FOR_IPHONE_IPAD = NO;
				SUPPORTS_XR_DESIGNED_FOR_IPHONE_IPAD = NO;
				SWIFT_EMIT_LOC_STRINGS = YES;
				SWIFT_VERSION = 5.0;
				TARGETED_DEVICE_FAMILY = "1,2";
			};
			name = Debug;
		};
		03F318392C29F89C0062A966 /* Release */ = {
			isa = XCBuildConfiguration;
			buildSettings = {
				ALWAYS_EMBED_SWIFT_STANDARD_LIBRARIES = YES;
				ASSETCATALOG_COMPILER_APPICON_NAME = AppIcon;
				ASSETCATALOG_COMPILER_GLOBAL_ACCENT_COLOR_NAME = AccentColor;
				CODE_SIGN_STYLE = Automatic;
				CURRENT_PROJECT_VERSION = 1;
				DEVELOPMENT_ASSET_PATHS = "\"CustomWidgets/Preview Content\"";
				DEVELOPMENT_TEAM = 44LNM8FN8U;
				ENABLE_PREVIEWS = YES;
				GENERATE_INFOPLIST_FILE = YES;
				INFOPLIST_FILE = CustomWidgets/Info.plist;
				INFOPLIST_KEY_CFBundleDisplayName = "Custom Widgets";
				INFOPLIST_KEY_LSApplicationCategoryType = "public.app-category.utilities";
				INFOPLIST_KEY_NSLocationAlwaysAndWhenInUseUsageDescription = "Your location will be used for the local weather forecast.";
				INFOPLIST_KEY_NSLocationAlwaysUsageDescription = "Your location will be used for the local weather forecast.";
				INFOPLIST_KEY_NSLocationUsageDescription = "Your location will be used for the local weather forecast.";
				INFOPLIST_KEY_NSLocationWhenInUseUsageDescription = "Your location will be used for the local weather forecast.";
				INFOPLIST_KEY_NSMicrophoneUsageDescription = Usage;
				INFOPLIST_KEY_UIApplicationSceneManifest_Generation = YES;
				INFOPLIST_KEY_UIApplicationSupportsIndirectInputEvents = YES;
				INFOPLIST_KEY_UILaunchScreen_Generation = YES;
				INFOPLIST_KEY_UILaunchStoryboardName = LaunchScreen.storyboard;
				INFOPLIST_KEY_UIRequiresFullScreen = YES;
				INFOPLIST_KEY_UIStatusBarHidden = YES;
				INFOPLIST_KEY_UISupportedInterfaceOrientations = UIInterfaceOrientationPortrait;
				INFOPLIST_KEY_UISupportedInterfaceOrientations_iPad = "UIInterfaceOrientationPortrait UIInterfaceOrientationPortraitUpsideDown";
				IPHONEOS_DEPLOYMENT_TARGET = 17.0;
				LD_RUNPATH_SEARCH_PATHS = (
					"$(inherited)",
					"@executable_path/Frameworks",
				);
				MARKETING_VERSION = 1.0;
				PRODUCT_BUNDLE_IDENTIFIER = ChristianLourido.CustomWidgets;
				PRODUCT_NAME = "Custom Widgets";
				SUPPORTED_PLATFORMS = "iphoneos iphonesimulator";
				SUPPORTS_MACCATALYST = NO;
				SUPPORTS_MAC_DESIGNED_FOR_IPHONE_IPAD = NO;
				SUPPORTS_XR_DESIGNED_FOR_IPHONE_IPAD = NO;
				SWIFT_EMIT_LOC_STRINGS = YES;
				SWIFT_VERSION = 5.0;
				TARGETED_DEVICE_FAMILY = "1,2";
			};
			name = Release;
		};
		03F318A32C2A0A950062A966 /* Debug */ = {
			isa = XCBuildConfiguration;
			buildSettings = {
				ASSETCATALOG_COMPILER_GLOBAL_ACCENT_COLOR_NAME = AccentColor;
				ASSETCATALOG_COMPILER_WIDGET_BACKGROUND_COLOR_NAME = WidgetBackground;
				CODE_SIGN_STYLE = Automatic;
				CURRENT_PROJECT_VERSION = 1;
				DEVELOPMENT_TEAM = 44LNM8FN8U;
				GENERATE_INFOPLIST_FILE = YES;
				INFOPLIST_FILE = Widgets/Info.plist;
				INFOPLIST_KEY_CFBundleDisplayName = Widgets;
				INFOPLIST_KEY_NSHumanReadableCopyright = "";
				INFOPLIST_KEY_NSLocationAlwaysAndWhenInUseUsageDescription = "Your location will be used for the local weather forecast.";
				INFOPLIST_KEY_NSLocationAlwaysUsageDescription = "Your location will be used for the local weather forecast.";
				INFOPLIST_KEY_NSLocationUsageDescription = "Your location will be used for the local weather forecast.";
				INFOPLIST_KEY_NSLocationWhenInUseUsageDescription = "Your location will be used for the local weather forecast.";
				IPHONEOS_DEPLOYMENT_TARGET = 17.5;
				LD_RUNPATH_SEARCH_PATHS = (
					"$(inherited)",
					"@executable_path/Frameworks",
					"@executable_path/../../Frameworks",
				);
				MARKETING_VERSION = 1.0;
				PRODUCT_BUNDLE_IDENTIFIER = ChristianLourido.CustomWidgets.Widgets;
				PRODUCT_NAME = "$(TARGET_NAME)";
				SKIP_INSTALL = YES;
				SWIFT_EMIT_LOC_STRINGS = YES;
				SWIFT_VERSION = 5.0;
				TARGETED_DEVICE_FAMILY = "1,2";
			};
			name = Debug;
		};
		03F318A42C2A0A950062A966 /* Release */ = {
			isa = XCBuildConfiguration;
			buildSettings = {
				ASSETCATALOG_COMPILER_GLOBAL_ACCENT_COLOR_NAME = AccentColor;
				ASSETCATALOG_COMPILER_WIDGET_BACKGROUND_COLOR_NAME = WidgetBackground;
				CODE_SIGN_STYLE = Automatic;
				CURRENT_PROJECT_VERSION = 1;
				DEVELOPMENT_TEAM = 44LNM8FN8U;
				GENERATE_INFOPLIST_FILE = YES;
				INFOPLIST_FILE = Widgets/Info.plist;
				INFOPLIST_KEY_CFBundleDisplayName = Widgets;
				INFOPLIST_KEY_NSHumanReadableCopyright = "";
				INFOPLIST_KEY_NSLocationAlwaysAndWhenInUseUsageDescription = "Your location will be used for the local weather forecast.";
				INFOPLIST_KEY_NSLocationAlwaysUsageDescription = "Your location will be used for the local weather forecast.";
				INFOPLIST_KEY_NSLocationUsageDescription = "Your location will be used for the local weather forecast.";
				INFOPLIST_KEY_NSLocationWhenInUseUsageDescription = "Your location will be used for the local weather forecast.";
				IPHONEOS_DEPLOYMENT_TARGET = 17.5;
				LD_RUNPATH_SEARCH_PATHS = (
					"$(inherited)",
					"@executable_path/Frameworks",
					"@executable_path/../../Frameworks",
				);
				MARKETING_VERSION = 1.0;
				PRODUCT_BUNDLE_IDENTIFIER = ChristianLourido.CustomWidgets.Widgets;
				PRODUCT_NAME = "$(TARGET_NAME)";
				SKIP_INSTALL = YES;
				SWIFT_EMIT_LOC_STRINGS = YES;
				SWIFT_VERSION = 5.0;
				TARGETED_DEVICE_FAMILY = "1,2";
			};
			name = Release;
		};
/* End XCBuildConfiguration section */

/* Begin XCConfigurationList section */
		03F318242C29F89A0062A966 /* Build configuration list for PBXProject "CustomWidgets" */ = {
			isa = XCConfigurationList;
			buildConfigurations = (
				03F318352C29F89C0062A966 /* Debug */,
				03F318362C29F89C0062A966 /* Release */,
			);
			defaultConfigurationIsVisible = 0;
			defaultConfigurationName = Release;
		};
		03F318372C29F89C0062A966 /* Build configuration list for PBXNativeTarget "CustomWidgets" */ = {
			isa = XCConfigurationList;
			buildConfigurations = (
				03F318382C29F89C0062A966 /* Debug */,
				03F318392C29F89C0062A966 /* Release */,
			);
			defaultConfigurationIsVisible = 0;
			defaultConfigurationName = Release;
		};
		03F318A22C2A0A950062A966 /* Build configuration list for PBXNativeTarget "WidgetsExtension" */ = {
			isa = XCConfigurationList;
			buildConfigurations = (
				03F318A32C2A0A950062A966 /* Debug */,
				03F318A42C2A0A950062A966 /* Release */,
			);
			defaultConfigurationIsVisible = 0;
			defaultConfigurationName = Release;
		};
/* End XCConfigurationList section */
	};
	rootObject = 03F318212C29F89A0062A966 /* Project object */;
}
